// !$*UTF8*$!
{
	archiveVersion = 1;
	classes = {
	};
	objectVersion = 56;
	objects = {

/* Begin PBXBuildFile section */
		46BDEE6B2A981A4000414AB7 /* ForecasterMacApp.swift in Sources */ = {isa = PBXBuildFile; fileRef = 46BDEE6A2A981A4000414AB7 /* ForecasterMacApp.swift */; };
		46BDEE6D2A981A4000414AB7 /* ContentView.swift in Sources */ = {isa = PBXBuildFile; fileRef = 46BDEE6C2A981A4000414AB7 /* ContentView.swift */; };
		46BDEE6F2A981A4100414AB7 /* Assets.xcassets in Resources */ = {isa = PBXBuildFile; fileRef = 46BDEE6E2A981A4100414AB7 /* Assets.xcassets */; };
		46BDEE722A981A4100414AB7 /* Preview Assets.xcassets in Resources */ = {isa = PBXBuildFile; fileRef = 46BDEE712A981A4100414AB7 /* Preview Assets.xcassets */; };
		46BDEE7D2A981A4100414AB7 /* ForecasterMacTests.swift in Sources */ = {isa = PBXBuildFile; fileRef = 46BDEE7C2A981A4100414AB7 /* ForecasterMacTests.swift */; };
		46BDEE872A981A4100414AB7 /* ForecasterMacUITests.swift in Sources */ = {isa = PBXBuildFile; fileRef = 46BDEE862A981A4100414AB7 /* ForecasterMacUITests.swift */; };
		46BDEE892A981A4100414AB7 /* ForecasterMacUITestsLaunchTests.swift in Sources */ = {isa = PBXBuildFile; fileRef = 46BDEE882A981A4100414AB7 /* ForecasterMacUITestsLaunchTests.swift */; };
/* End PBXBuildFile section */

/* Begin PBXContainerItemProxy section */
		46BDEE792A981A4100414AB7 /* PBXContainerItemProxy */ = {
			isa = PBXContainerItemProxy;
			containerPortal = 46BDEE5F2A981A4000414AB7 /* Project object */;
			proxyType = 1;
			remoteGlobalIDString = 46BDEE662A981A4000414AB7;
			remoteInfo = ForecasterMac;
		};
		46BDEE832A981A4100414AB7 /* PBXContainerItemProxy */ = {
			isa = PBXContainerItemProxy;
			containerPortal = 46BDEE5F2A981A4000414AB7 /* Project object */;
			proxyType = 1;
			remoteGlobalIDString = 46BDEE662A981A4000414AB7;
			remoteInfo = ForecasterMac;
		};
/* End PBXContainerItemProxy section */

/* Begin PBXFileReference section */
		46BDEE672A981A4000414AB7 /* ForecasterMac.app */ = {isa = PBXFileReference; explicitFileType = wrapper.application; includeInIndex = 0; path = ForecasterMac.app; sourceTree = BUILT_PRODUCTS_DIR; };
		46BDEE6A2A981A4000414AB7 /* ForecasterMacApp.swift */ = {isa = PBXFileReference; lastKnownFileType = sourcecode.swift; path = ForecasterMacApp.swift; sourceTree = "<group>"; };
		46BDEE6C2A981A4000414AB7 /* ContentView.swift */ = {isa = PBXFileReference; lastKnownFileType = sourcecode.swift; path = ContentView.swift; sourceTree = "<group>"; };
		46BDEE6E2A981A4100414AB7 /* Assets.xcassets */ = {isa = PBXFileReference; lastKnownFileType = folder.assetcatalog; path = Assets.xcassets; sourceTree = "<group>"; };
		46BDEE712A981A4100414AB7 /* Preview Assets.xcassets */ = {isa = PBXFileReference; lastKnownFileType = folder.assetcatalog; path = "Preview Assets.xcassets"; sourceTree = "<group>"; };
		46BDEE732A981A4100414AB7 /* ForecasterMac.entitlements */ = {isa = PBXFileReference; lastKnownFileType = text.plist.entitlements; path = ForecasterMac.entitlements; sourceTree = "<group>"; };
		46BDEE782A981A4100414AB7 /* ForecasterMacTests.xctest */ = {isa = PBXFileReference; explicitFileType = wrapper.cfbundle; includeInIndex = 0; path = ForecasterMacTests.xctest; sourceTree = BUILT_PRODUCTS_DIR; };
		46BDEE7C2A981A4100414AB7 /* ForecasterMacTests.swift */ = {isa = PBXFileReference; lastKnownFileType = sourcecode.swift; path = ForecasterMacTests.swift; sourceTree = "<group>"; };
		46BDEE822A981A4100414AB7 /* ForecasterMacUITests.xctest */ = {isa = PBXFileReference; explicitFileType = wrapper.cfbundle; includeInIndex = 0; path = ForecasterMacUITests.xctest; sourceTree = BUILT_PRODUCTS_DIR; };
		46BDEE862A981A4100414AB7 /* ForecasterMacUITests.swift */ = {isa = PBXFileReference; lastKnownFileType = sourcecode.swift; path = ForecasterMacUITests.swift; sourceTree = "<group>"; };
		46BDEE882A981A4100414AB7 /* ForecasterMacUITestsLaunchTests.swift */ = {isa = PBXFileReference; lastKnownFileType = sourcecode.swift; path = ForecasterMacUITestsLaunchTests.swift; sourceTree = "<group>"; };
/* End PBXFileReference section */

/* Begin PBXFrameworksBuildPhase section */
		46BDEE642A981A4000414AB7 /* Frameworks */ = {
			isa = PBXFrameworksBuildPhase;
			buildActionMask = 2147483647;
			files = (
			);
			runOnlyForDeploymentPostprocessing = 0;
		};
		46BDEE752A981A4100414AB7 /* Frameworks */ = {
			isa = PBXFrameworksBuildPhase;
			buildActionMask = 2147483647;
			files = (
			);
			runOnlyForDeploymentPostprocessing = 0;
		};
		46BDEE7F2A981A4100414AB7 /* Frameworks */ = {
			isa = PBXFrameworksBuildPhase;
			buildActionMask = 2147483647;
			files = (
			);
			runOnlyForDeploymentPostprocessing = 0;
		};
/* End PBXFrameworksBuildPhase section */

/* Begin PBXGroup section */
		46BDEE5E2A981A4000414AB7 = {
			isa = PBXGroup;
			children = (
				46BDEE692A981A4000414AB7 /* ForecasterMac */,
				46BDEE7B2A981A4100414AB7 /* ForecasterMacTests */,
				46BDEE852A981A4100414AB7 /* ForecasterMacUITests */,
				46BDEE682A981A4000414AB7 /* Products */,
			);
			sourceTree = "<group>";
		};
		46BDEE682A981A4000414AB7 /* Products */ = {
			isa = PBXGroup;
			children = (
				46BDEE672A981A4000414AB7 /* ForecasterMac.app */,
				46BDEE782A981A4100414AB7 /* ForecasterMacTests.xctest */,
				46BDEE822A981A4100414AB7 /* ForecasterMacUITests.xctest */,
			);
			name = Products;
			sourceTree = "<group>";
		};
		46BDEE692A981A4000414AB7 /* ForecasterMac */ = {
			isa = PBXGroup;
			children = (
				46BDEE6A2A981A4000414AB7 /* ForecasterMacApp.swift */,
				46BDEE6C2A981A4000414AB7 /* ContentView.swift */,
				46BDEE6E2A981A4100414AB7 /* Assets.xcassets */,
				46BDEE732A981A4100414AB7 /* ForecasterMac.entitlements */,
				46BDEE702A981A4100414AB7 /* Preview Content */,
			);
			path = ForecasterMac;
			sourceTree = "<group>";
		};
		46BDEE702A981A4100414AB7 /* Preview Content */ = {
			isa = PBXGroup;
			children = (
				46BDEE712A981A4100414AB7 /* Preview Assets.xcassets */,
			);
			path = "Preview Content";
			sourceTree = "<group>";
		};
		46BDEE7B2A981A4100414AB7 /* ForecasterMacTests */ = {
			isa = PBXGroup;
			children = (
				46BDEE7C2A981A4100414AB7 /* ForecasterMacTests.swift */,
			);
			path = ForecasterMacTests;
			sourceTree = "<group>";
		};
		46BDEE852A981A4100414AB7 /* ForecasterMacUITests */ = {
			isa = PBXGroup;
			children = (
				46BDEE862A981A4100414AB7 /* ForecasterMacUITests.swift */,
				46BDEE882A981A4100414AB7 /* ForecasterMacUITestsLaunchTests.swift */,
			);
			path = ForecasterMacUITests;
			sourceTree = "<group>";
		};
/* End PBXGroup section */

/* Begin PBXNativeTarget section */
		46BDEE662A981A4000414AB7 /* ForecasterMac */ = {
			isa = PBXNativeTarget;
			buildConfigurationList = 46BDEE8C2A981A4100414AB7 /* Build configuration list for PBXNativeTarget "ForecasterMac" */;
			buildPhases = (
				46BDEE632A981A4000414AB7 /* Sources */,
				46BDEE642A981A4000414AB7 /* Frameworks */,
				46BDEE652A981A4000414AB7 /* Resources */,
			);
			buildRules = (
			);
			dependencies = (
			);
			name = ForecasterMac;
			productName = ForecasterMac;
			productReference = 46BDEE672A981A4000414AB7 /* ForecasterMac.app */;
			productType = "com.apple.product-type.application";
		};
		46BDEE772A981A4100414AB7 /* ForecasterMacTests */ = {
			isa = PBXNativeTarget;
			buildConfigurationList = 46BDEE8F2A981A4100414AB7 /* Build configuration list for PBXNativeTarget "ForecasterMacTests" */;
			buildPhases = (
				46BDEE742A981A4100414AB7 /* Sources */,
				46BDEE752A981A4100414AB7 /* Frameworks */,
				46BDEE762A981A4100414AB7 /* Resources */,
			);
			buildRules = (
			);
			dependencies = (
				46BDEE7A2A981A4100414AB7 /* PBXTargetDependency */,
			);
			name = ForecasterMacTests;
			productName = ForecasterMacTests;
			productReference = 46BDEE782A981A4100414AB7 /* ForecasterMacTests.xctest */;
			productType = "com.apple.product-type.bundle.unit-test";
		};
		46BDEE812A981A4100414AB7 /* ForecasterMacUITests */ = {
			isa = PBXNativeTarget;
			buildConfigurationList = 46BDEE922A981A4100414AB7 /* Build configuration list for PBXNativeTarget "ForecasterMacUITests" */;
			buildPhases = (
				46BDEE7E2A981A4100414AB7 /* Sources */,
				46BDEE7F2A981A4100414AB7 /* Frameworks */,
				46BDEE802A981A4100414AB7 /* Resources */,
			);
			buildRules = (
			);
			dependencies = (
				46BDEE842A981A4100414AB7 /* PBXTargetDependency */,
			);
			name = ForecasterMacUITests;
			productName = ForecasterMacUITests;
			productReference = 46BDEE822A981A4100414AB7 /* ForecasterMacUITests.xctest */;
			productType = "com.apple.product-type.bundle.ui-testing";
		};
/* End PBXNativeTarget section */

/* Begin PBXProject section */
		46BDEE5F2A981A4000414AB7 /* Project object */ = {
			isa = PBXProject;
			attributes = {
				BuildIndependentTargetsInParallel = 1;
				LastSwiftUpdateCheck = 1430;
				LastUpgradeCheck = 1430;
				TargetAttributes = {
					46BDEE662A981A4000414AB7 = {
						CreatedOnToolsVersion = 14.3.1;
					};
					46BDEE772A981A4100414AB7 = {
						CreatedOnToolsVersion = 14.3.1;
						TestTargetID = 46BDEE662A981A4000414AB7;
					};
					46BDEE812A981A4100414AB7 = {
						CreatedOnToolsVersion = 14.3.1;
						TestTargetID = 46BDEE662A981A4000414AB7;
					};
				};
			};
			buildConfigurationList = 46BDEE622A981A4000414AB7 /* Build configuration list for PBXProject "ForecasterMac" */;
			compatibilityVersion = "Xcode 14.0";
			developmentRegion = en;
			hasScannedForEncodings = 0;
			knownRegions = (
				en,
				Base,
			);
			mainGroup = 46BDEE5E2A981A4000414AB7;
			productRefGroup = 46BDEE682A981A4000414AB7 /* Products */;
			projectDirPath = "";
			projectRoot = "";
			targets = (
				46BDEE662A981A4000414AB7 /* ForecasterMac */,
				46BDEE772A981A4100414AB7 /* ForecasterMacTests */,
				46BDEE812A981A4100414AB7 /* ForecasterMacUITests */,
			);
		};
/* End PBXProject section */

/* Begin PBXResourcesBuildPhase section */
		46BDEE652A981A4000414AB7 /* Resources */ = {
			isa = PBXResourcesBuildPhase;
			buildActionMask = 2147483647;
			files = (
				46BDEE722A981A4100414AB7 /* Preview Assets.xcassets in Resources */,
				46BDEE6F2A981A4100414AB7 /* Assets.xcassets in Resources */,
			);
			runOnlyForDeploymentPostprocessing = 0;
		};
		46BDEE762A981A4100414AB7 /* Resources */ = {
			isa = PBXResourcesBuildPhase;
			buildActionMask = 2147483647;
			files = (
			);
			runOnlyForDeploymentPostprocessing = 0;
		};
		46BDEE802A981A4100414AB7 /* Resources */ = {
			isa = PBXResourcesBuildPhase;
			buildActionMask = 2147483647;
			files = (
			);
			runOnlyForDeploymentPostprocessing = 0;
		};
/* End PBXResourcesBuildPhase section */

/* Begin PBXSourcesBuildPhase section */
		46BDEE632A981A4000414AB7 /* Sources */ = {
			isa = PBXSourcesBuildPhase;
			buildActionMask = 2147483647;
			files = (
				46BDEE6D2A981A4000414AB7 /* ContentView.swift in Sources */,
				46BDEE6B2A981A4000414AB7 /* ForecasterMacApp.swift in Sources */,
			);
			runOnlyForDeploymentPostprocessing = 0;
		};
		46BDEE742A981A4100414AB7 /* Sources */ = {
			isa = PBXSourcesBuildPhase;
			buildActionMask = 2147483647;
			files = (
				46BDEE7D2A981A4100414AB7 /* ForecasterMacTests.swift in Sources */,
			);
			runOnlyForDeploymentPostprocessing = 0;
		};
		46BDEE7E2A981A4100414AB7 /* Sources */ = {
			isa = PBXSourcesBuildPhase;
			buildActionMask = 2147483647;
			files = (
				46BDEE892A981A4100414AB7 /* ForecasterMacUITestsLaunchTests.swift in Sources */,
				46BDEE872A981A4100414AB7 /* ForecasterMacUITests.swift in Sources */,
			);
			runOnlyForDeploymentPostprocessing = 0;
		};
/* End PBXSourcesBuildPhase section */

/* Begin PBXTargetDependency section */
		46BDEE7A2A981A4100414AB7 /* PBXTargetDependency */ = {
			isa = PBXTargetDependency;
			target = 46BDEE662A981A4000414AB7 /* ForecasterMac */;
			targetProxy = 46BDEE792A981A4100414AB7 /* PBXContainerItemProxy */;
		};
		46BDEE842A981A4100414AB7 /* PBXTargetDependency */ = {
			isa = PBXTargetDependency;
			target = 46BDEE662A981A4000414AB7 /* ForecasterMac */;
			targetProxy = 46BDEE832A981A4100414AB7 /* PBXContainerItemProxy */;
		};
/* End PBXTargetDependency section */

/* Begin XCBuildConfiguration section */
		46BDEE8A2A981A4100414AB7 /* Debug */ = {
			isa = XCBuildConfiguration;
			buildSettings = {
				ALWAYS_SEARCH_USER_PATHS = NO;
				CLANG_ANALYZER_NONNULL = YES;
				CLANG_ANALYZER_NUMBER_OBJECT_CONVERSION = YES_AGGRESSIVE;
				CLANG_CXX_LANGUAGE_STANDARD = "gnu++20";
				CLANG_ENABLE_MODULES = YES;
				CLANG_ENABLE_OBJC_ARC = YES;
				CLANG_ENABLE_OBJC_WEAK = YES;
				CLANG_WARN_BLOCK_CAPTURE_AUTORELEASING = YES;
				CLANG_WARN_BOOL_CONVERSION = YES;
				CLANG_WARN_COMMA = YES;
				CLANG_WARN_CONSTANT_CONVERSION = YES;
				CLANG_WARN_DEPRECATED_OBJC_IMPLEMENTATIONS = YES;
				CLANG_WARN_DIRECT_OBJC_ISA_USAGE = YES_ERROR;
				CLANG_WARN_DOCUMENTATION_COMMENTS = YES;
				CLANG_WARN_EMPTY_BODY = YES;
				CLANG_WARN_ENUM_CONVERSION = YES;
				CLANG_WARN_INFINITE_RECURSION = YES;
				CLANG_WARN_INT_CONVERSION = YES;
				CLANG_WARN_NON_LITERAL_NULL_CONVERSION = YES;
				CLANG_WARN_OBJC_IMPLICIT_RETAIN_SELF = YES;
				CLANG_WARN_OBJC_LITERAL_CONVERSION = YES;
				CLANG_WARN_OBJC_ROOT_CLASS = YES_ERROR;
				CLANG_WARN_QUOTED_INCLUDE_IN_FRAMEWORK_HEADER = YES;
				CLANG_WARN_RANGE_LOOP_ANALYSIS = YES;
				CLANG_WARN_STRICT_PROTOTYPES = YES;
				CLANG_WARN_SUSPICIOUS_MOVE = YES;
				CLANG_WARN_UNGUARDED_AVAILABILITY = YES_AGGRESSIVE;
				CLANG_WARN_UNREACHABLE_CODE = YES;
				CLANG_WARN__DUPLICATE_METHOD_MATCH = YES;
				COPY_PHASE_STRIP = NO;
				DEBUG_INFORMATION_FORMAT = dwarf;
				ENABLE_STRICT_OBJC_MSGSEND = YES;
				ENABLE_TESTABILITY = YES;
				GCC_C_LANGUAGE_STANDARD = gnu11;
				GCC_DYNAMIC_NO_PIC = NO;
				GCC_NO_COMMON_BLOCKS = YES;
				GCC_OPTIMIZATION_LEVEL = 0;
				GCC_PREPROCESSOR_DEFINITIONS = (
					"DEBUG=1",
					"$(inherited)",
				);
				GCC_WARN_64_TO_32_BIT_CONVERSION = YES;
				GCC_WARN_ABOUT_RETURN_TYPE = YES_ERROR;
				GCC_WARN_UNDECLARED_SELECTOR = YES;
				GCC_WARN_UNINITIALIZED_AUTOS = YES_AGGRESSIVE;
				GCC_WARN_UNUSED_FUNCTION = YES;
				GCC_WARN_UNUSED_VARIABLE = YES;
				MACOSX_DEPLOYMENT_TARGET = 13.3;
				MTL_ENABLE_DEBUG_INFO = INCLUDE_SOURCE;
				MTL_FAST_MATH = YES;
				ONLY_ACTIVE_ARCH = YES;
				SDKROOT = macosx;
				SWIFT_ACTIVE_COMPILATION_CONDITIONS = DEBUG;
				SWIFT_OPTIMIZATION_LEVEL = "-Onone";
			};
			name = Debug;
		};
		46BDEE8B2A981A4100414AB7 /* Release */ = {
			isa = XCBuildConfiguration;
			buildSettings = {
				ALWAYS_SEARCH_USER_PATHS = NO;
				CLANG_ANALYZER_NONNULL = YES;
				CLANG_ANALYZER_NUMBER_OBJECT_CONVERSION = YES_AGGRESSIVE;
				CLANG_CXX_LANGUAGE_STANDARD = "gnu++20";
				CLANG_ENABLE_MODULES = YES;
				CLANG_ENABLE_OBJC_ARC = YES;
				CLANG_ENABLE_OBJC_WEAK = YES;
				CLANG_WARN_BLOCK_CAPTURE_AUTORELEASING = YES;
				CLANG_WARN_BOOL_CONVERSION = YES;
				CLANG_WARN_COMMA = YES;
				CLANG_WARN_CONSTANT_CONVERSION = YES;
				CLANG_WARN_DEPRECATED_OBJC_IMPLEMENTATIONS = YES;
				CLANG_WARN_DIRECT_OBJC_ISA_USAGE = YES_ERROR;
				CLANG_WARN_DOCUMENTATION_COMMENTS = YES;
				CLANG_WARN_EMPTY_BODY = YES;
				CLANG_WARN_ENUM_CONVERSION = YES;
				CLANG_WARN_INFINITE_RECURSION = YES;
				CLANG_WARN_INT_CONVERSION = YES;
				CLANG_WARN_NON_LITERAL_NULL_CONVERSION = YES;
				CLANG_WARN_OBJC_IMPLICIT_RETAIN_SELF = YES;
				CLANG_WARN_OBJC_LITERAL_CONVERSION = YES;
				CLANG_WARN_OBJC_ROOT_CLASS = YES_ERROR;
				CLANG_WARN_QUOTED_INCLUDE_IN_FRAMEWORK_HEADER = YES;
				CLANG_WARN_RANGE_LOOP_ANALYSIS = YES;
				CLANG_WARN_STRICT_PROTOTYPES = YES;
				CLANG_WARN_SUSPICIOUS_MOVE = YES;
				CLANG_WARN_UNGUARDED_AVAILABILITY = YES_AGGRESSIVE;
				CLANG_WARN_UNREACHABLE_CODE = YES;
				CLANG_WARN__DUPLICATE_METHOD_MATCH = YES;
				COPY_PHASE_STRIP = NO;
				DEBUG_INFORMATION_FORMAT = "dwarf-with-dsym";
				ENABLE_NS_ASSERTIONS = NO;
				ENABLE_STRICT_OBJC_MSGSEND = YES;
				GCC_C_LANGUAGE_STANDARD = gnu11;
				GCC_NO_COMMON_BLOCKS = YES;
				GCC_WARN_64_TO_32_BIT_CONVERSION = YES;
				GCC_WARN_ABOUT_RETURN_TYPE = YES_ERROR;
				GCC_WARN_UNDECLARED_SELECTOR = YES;
				GCC_WARN_UNINITIALIZED_AUTOS = YES_AGGRESSIVE;
				GCC_WARN_UNUSED_FUNCTION = YES;
				GCC_WARN_UNUSED_VARIABLE = YES;
				MACOSX_DEPLOYMENT_TARGET = 13.3;
				MTL_ENABLE_DEBUG_INFO = NO;
				MTL_FAST_MATH = YES;
				SDKROOT = macosx;
				SWIFT_COMPILATION_MODE = wholemodule;
				SWIFT_OPTIMIZATION_LEVEL = "-O";
			};
			name = Release;
		};
		46BDEE8D2A981A4100414AB7 /* Debug */ = {
			isa = XCBuildConfiguration;
			buildSettings = {
				ASSETCATALOG_COMPILER_APPICON_NAME = AppIcon;
				ASSETCATALOG_COMPILER_GLOBAL_ACCENT_COLOR_NAME = AccentColor;
				CODE_SIGN_ENTITLEMENTS = ForecasterMac/ForecasterMac.entitlements;
				CODE_SIGN_STYLE = Automatic;
				COMBINE_HIDPI_IMAGES = YES;
				CURRENT_PROJECT_VERSION = 1;
				DEVELOPMENT_ASSET_PATHS = "\"ForecasterMac/Preview Content\"";
				ENABLE_PREVIEWS = YES;
				GENERATE_INFOPLIST_FILE = YES;
				INFOPLIST_KEY_NSHumanReadableCopyright = "";
				LD_RUNPATH_SEARCH_PATHS = (
					"$(inherited)",
					"@executable_path/../Frameworks",
				);
				MARKETING_VERSION = 1.0;
				PRODUCT_BUNDLE_IDENTIFIER = com.oldfashionedcomputing..ForecasterMac;
				PRODUCT_NAME = "$(TARGET_NAME)";
				SWIFT_EMIT_LOC_STRINGS = YES;
				SWIFT_VERSION = 5.0;
			};
			name = Debug;
		};
		46BDEE8E2A981A4100414AB7 /* Release */ = {
			isa = XCBuildConfiguration;
			buildSettings = {
				ASSETCATALOG_COMPILER_APPICON_NAME = AppIcon;
				ASSETCATALOG_COMPILER_GLOBAL_ACCENT_COLOR_NAME = AccentColor;
				CODE_SIGN_ENTITLEMENTS = ForecasterMac/ForecasterMac.entitlements;
				CODE_SIGN_STYLE = Automatic;
				COMBINE_HIDPI_IMAGES = YES;
				CURRENT_PROJECT_VERSION = 1;
				DEVELOPMENT_ASSET_PATHS = "\"ForecasterMac/Preview Content\"";
				ENABLE_PREVIEWS = YES;
				GENERATE_INFOPLIST_FILE = YES;
				INFOPLIST_KEY_NSHumanReadableCopyright = "";
				LD_RUNPATH_SEARCH_PATHS = (
					"$(inherited)",
					"@executable_path/../Frameworks",
				);
				MARKETING_VERSION = 1.0;
				PRODUCT_BUNDLE_IDENTIFIER = com.oldfashionedcomputing..ForecasterMac;
				PRODUCT_NAME = "$(TARGET_NAME)";
				SWIFT_EMIT_LOC_STRINGS = YES;
				SWIFT_VERSION = 5.0;
			};
			name = Release;
		};
		46BDEE902A981A4100414AB7 /* Debug */ = {
			isa = XCBuildConfiguration;
			buildSettings = {
				ALWAYS_EMBED_SWIFT_STANDARD_LIBRARIES = YES;
				BUNDLE_LOADER = "$(TEST_HOST)";
				CODE_SIGN_STYLE = Automatic;
				CURRENT_PROJECT_VERSION = 1;
				GENERATE_INFOPLIST_FILE = YES;
				MACOSX_DEPLOYMENT_TARGET = 13.3;
				MARKETING_VERSION = 1.0;
				PRODUCT_BUNDLE_IDENTIFIER = com.oldfashionedcomputing..ForecasterMacTests;
				PRODUCT_NAME = "$(TARGET_NAME)";
				SWIFT_EMIT_LOC_STRINGS = NO;
				SWIFT_VERSION = 5.0;
				TEST_HOST = "$(BUILT_PRODUCTS_DIR)/ForecasterMac.app/$(BUNDLE_EXECUTABLE_FOLDER_PATH)/ForecasterMac";
			};
			name = Debug;
		};
		46BDEE912A981A4100414AB7 /* Release */ = {
			isa = XCBuildConfiguration;
			buildSettings = {
				ALWAYS_EMBED_SWIFT_STANDARD_LIBRARIES = YES;
				BUNDLE_LOADER = "$(TEST_HOST)";
				CODE_SIGN_STYLE = Automatic;
				CURRENT_PROJECT_VERSION = 1;
				GENERATE_INFOPLIST_FILE = YES;
				MACOSX_DEPLOYMENT_TARGET = 13.3;
				MARKETING_VERSION = 1.0;
				PRODUCT_BUNDLE_IDENTIFIER = com.oldfashionedcomputing..ForecasterMacTests;
				PRODUCT_NAME = "$(TARGET_NAME)";
				SWIFT_EMIT_LOC_STRINGS = NO;
				SWIFT_VERSION = 5.0;
				TEST_HOST = "$(BUILT_PRODUCTS_DIR)/ForecasterMac.app/$(BUNDLE_EXECUTABLE_FOLDER_PATH)/ForecasterMac";
			};
			name = Release;
		};
		46BDEE932A981A4100414AB7 /* Debug */ = {
			isa = XCBuildConfiguration;
			buildSettings = {
				ALWAYS_EMBED_SWIFT_STANDARD_LIBRARIES = YES;
				CODE_SIGN_STYLE = Automatic;
				CURRENT_PROJECT_VERSION = 1;
				GENERATE_INFOPLIST_FILE = YES;
				MARKETING_VERSION = 1.0;
				PRODUCT_BUNDLE_IDENTIFIER = com.oldfashionedcomputing..ForecasterMacUITests;
				PRODUCT_NAME = "$(TARGET_NAME)";
				SWIFT_EMIT_LOC_STRINGS = NO;
				SWIFT_VERSION = 5.0;
				TEST_TARGET_NAME = ForecasterMac;
			};
			name = Debug;
		};
		46BDEE942A981A4100414AB7 /* Release */ = {
			isa = XCBuildConfiguration;
			buildSettings = {
				ALWAYS_EMBED_SWIFT_STANDARD_LIBRARIES = YES;
				CODE_SIGN_STYLE = Automatic;
				CURRENT_PROJECT_VERSION = 1;
				GENERATE_INFOPLIST_FILE = YES;
				MARKETING_VERSION = 1.0;
				PRODUCT_BUNDLE_IDENTIFIER = com.oldfashionedcomputing..ForecasterMacUITests;
				PRODUCT_NAME = "$(TARGET_NAME)";
				SWIFT_EMIT_LOC_STRINGS = NO;
				SWIFT_VERSION = 5.0;
				TEST_TARGET_NAME = ForecasterMac;
			};
			name = Release;
		};
/* End XCBuildConfiguration section */

/* Begin XCConfigurationList section */
		46BDEE622A981A4000414AB7 /* Build configuration list for PBXProject "ForecasterMac" */ = {
			isa = XCConfigurationList;
			buildConfigurations = (
				46BDEE8A2A981A4100414AB7 /* Debug */,
				46BDEE8B2A981A4100414AB7 /* Release */,
			);
			defaultConfigurationIsVisible = 0;
			defaultConfigurationName = Release;
		};
		46BDEE8C2A981A4100414AB7 /* Build configuration list for PBXNativeTarget "ForecasterMac" */ = {
			isa = XCConfigurationList;
			buildConfigurations = (
				46BDEE8D2A981A4100414AB7 /* Debug */,
				46BDEE8E2A981A4100414AB7 /* Release */,
			);
			defaultConfigurationIsVisible = 0;
			defaultConfigurationName = Release;
		};
		46BDEE8F2A981A4100414AB7 /* Build configuration list for PBXNativeTarget "ForecasterMacTests" */ = {
			isa = XCConfigurationList;
			buildConfigurations = (
				46BDEE902A981A4100414AB7 /* Debug */,
				46BDEE912A981A4100414AB7 /* Release */,
			);
			defaultConfigurationIsVisible = 0;
			defaultConfigurationName = Release;
		};
		46BDEE922A981A4100414AB7 /* Build configuration list for PBXNativeTarget "ForecasterMacUITests" */ = {
			isa = XCConfigurationList;
			buildConfigurations = (
				46BDEE932A981A4100414AB7 /* Debug */,
				46BDEE942A981A4100414AB7 /* Release */,
			);
			defaultConfigurationIsVisible = 0;
			defaultConfigurationName = Release;
		};
/* End XCConfigurationList section */
	};
	rootObject = 46BDEE5F2A981A4000414AB7 /* Project object */;
}
